
Microsoft Visual Studio Solution File, Format Version 12.00
# Visual Studio Version 17
VisualStudioVersion = 17.7.34024.191
MinimumVisualStudioVersion = 10.0.40219.1
Project("{9A19103F-16F7-4668-BE54-9A1E7A4F7556}") = "RaffleShopping", "Raffle Shopping\RaffleShopping.csproj", "{CC60BEBD-D111-4AFF-9EE3-26F20CC710B5}"
EndProject
Project("{9A19103F-16F7-4668-BE54-9A1E7A4F7556}") = "RaffleShoppingTest", "RaffleShoppingTest\RaffleShoppingTest.csproj", "{BD923738-8C19-4349-9B80-7AA757E4665E}"
EndProject
Project("{2150E333-8FDC-42A3-9474-1A3956D46DE8}") = "services", "services", "{A257AD4B-B797-44D9-8F75-ACDC587BFE23}"
EndProject
Project("{2150E333-8FDC-42A3-9474-1A3956D46DE8}") = "Customers", "Customers", "{A23DBD0F-EEA7-4DF0-9CF3-0712DD24E36D}"
EndProject
Project("{9A19103F-16F7-4668-BE54-9A1E7A4F7556}") = "RaffleShopping.Services.Customers.Api", "RaffleShopping.Services.Customers.Api\RaffleShopping.Services.Customers.Api.csproj", "{581F83D5-AA79-4E73-8F03-180C99AA2B52}"
EndProject
Project("{9A19103F-16F7-4668-BE54-9A1E7A4F7556}") = "RaffleShopping.Services.Customers", "RaffleShopping.Services.Customers\RaffleShopping.Services.Customers.csproj", "{426A4EFA-2A49-43C2-A118-96B165A112E9}"
EndProject
Project("{2150E333-8FDC-42A3-9474-1A3956D46DE8}") = "RaffleEvents", "RaffleEvents", "{C16E00AA-9BF9-47B0-88FB-A066CB37C6B2}"
EndProject
Project("{9A19103F-16F7-4668-BE54-9A1E7A4F7556}") = "RaffleShopping.Services.RaffleEvents.Api", "RaffleShopping.Services.RaffleEvents.Api\RaffleShopping.Services.RaffleEvents.Api.csproj", "{8401CDC4-C229-4225-AE64-6F9E7363BAF1}"
EndProject
Project("{9A19103F-16F7-4668-BE54-9A1E7A4F7556}") = "RaffleShoppping.Services.RaffleEvents", "RaffleShoppping.Services.RaffleEvents\RaffleShoppping.Services.RaffleEvents.csproj", "{AFE66221-10AB-49C6-A78A-76471C2124D7}"
EndProject
Project("{E53339B2-1760-4266-BCC7-CA923CBCF16C}") = "docker-compose", "docker-compose.dcproj", "{67EC3530-00F2-405D-BD2C-5B3568C59B0B}"
EndProject
Global
	GlobalSection(SolutionConfigurationPlatforms) = preSolution
		Debug|Any CPU = Debug|Any CPU
		Release|Any CPU = Release|Any CPU
	EndGlobalSection
	GlobalSection(ProjectConfigurationPlatforms) = postSolution
		{CC60BEBD-D111-4AFF-9EE3-26F20CC710B5}.Debug|Any CPU.ActiveCfg = Debug|Any CPU
		{CC60BEBD-D111-4AFF-9EE3-26F20CC710B5}.Debug|Any CPU.Build.0 = Debug|Any CPU
		{CC60BEBD-D111-4AFF-9EE3-26F20CC710B5}.Release|Any CPU.ActiveCfg = Release|Any CPU
		{CC60BEBD-D111-4AFF-9EE3-26F20CC710B5}.Release|Any CPU.Build.0 = Release|Any CPU
		{BD923738-8C19-4349-9B80-7AA757E4665E}.Debug|Any CPU.ActiveCfg = Debug|Any CPU
		{BD923738-8C19-4349-9B80-7AA757E4665E}.Debug|Any CPU.Build.0 = Debug|Any CPU
		{BD923738-8C19-4349-9B80-7AA757E4665E}.Release|Any CPU.ActiveCfg = Release|Any CPU
		{BD923738-8C19-4349-9B80-7AA757E4665E}.Release|Any CPU.Build.0 = Release|Any CPU
		{581F83D5-AA79-4E73-8F03-180C99AA2B52}.Debug|Any CPU.ActiveCfg = Debug|Any CPU
		{581F83D5-AA79-4E73-8F03-180C99AA2B52}.Debug|Any CPU.Build.0 = Debug|Any CPU
		{581F83D5-AA79-4E73-8F03-180C99AA2B52}.Release|Any CPU.ActiveCfg = Release|Any CPU
		{581F83D5-AA79-4E73-8F03-180C99AA2B52}.Release|Any CPU.Build.0 = Release|Any CPU
		{426A4EFA-2A49-43C2-A118-96B165A112E9}.Debug|Any CPU.ActiveCfg = Debug|Any CPU
		{426A4EFA-2A49-43C2-A118-96B165A112E9}.Debug|Any CPU.Build.0 = Debug|Any CPU
		{426A4EFA-2A49-43C2-A118-96B165A112E9}.Release|Any CPU.ActiveCfg = Release|Any CPU
		{426A4EFA-2A49-43C2-A118-96B165A112E9}.Release|Any CPU.Build.0 = Release|Any CPU
		{8401CDC4-C229-4225-AE64-6F9E7363BAF1}.Debug|Any CPU.ActiveCfg = Debug|Any CPU
		{8401CDC4-C229-4225-AE64-6F9E7363BAF1}.Debug|Any CPU.Build.0 = Debug|Any CPU
		{8401CDC4-C229-4225-AE64-6F9E7363BAF1}.Release|Any CPU.ActiveCfg = Release|Any CPU
		{8401CDC4-C229-4225-AE64-6F9E7363BAF1}.Release|Any CPU.Build.0 = Release|Any CPU
		{AFE66221-10AB-49C6-A78A-76471C2124D7}.Debug|Any CPU.ActiveCfg = Debug|Any CPU
		{AFE66221-10AB-49C6-A78A-76471C2124D7}.Debug|Any CPU.Build.0 = Debug|Any CPU
		{AFE66221-10AB-49C6-A78A-76471C2124D7}.Release|Any CPU.ActiveCfg = Release|Any CPU
		{AFE66221-10AB-49C6-A78A-76471C2124D7}.Release|Any CPU.Build.0 = Release|Any CPU
		{67EC3530-00F2-405D-BD2C-5B3568C59B0B}.Debug|Any CPU.ActiveCfg = Debug|Any CPU
		{67EC3530-00F2-405D-BD2C-5B3568C59B0B}.Debug|Any CPU.Build.0 = Debug|Any CPU
		{67EC3530-00F2-405D-BD2C-5B3568C59B0B}.Release|Any CPU.ActiveCfg = Release|Any CPU
		{67EC3530-00F2-405D-BD2C-5B3568C59B0B}.Release|Any CPU.Build.0 = Release|Any CPU
	EndGlobalSection
	GlobalSection(SolutionProperties) = preSolution
		HideSolutionNode = FALSE
	EndGlobalSection
	GlobalSection(NestedProjects) = preSolution
		{A23DBD0F-EEA7-4DF0-9CF3-0712DD24E36D} = {A257AD4B-B797-44D9-8F75-ACDC587BFE23}
		{581F83D5-AA79-4E73-8F03-180C99AA2B52} = {A23DBD0F-EEA7-4DF0-9CF3-0712DD24E36D}
		{426A4EFA-2A49-43C2-A118-96B165A112E9} = {A23DBD0F-EEA7-4DF0-9CF3-0712DD24E36D}
		{C16E00AA-9BF9-47B0-88FB-A066CB37C6B2} = {A257AD4B-B797-44D9-8F75-ACDC587BFE23}
		{8401CDC4-C229-4225-AE64-6F9E7363BAF1} = {C16E00AA-9BF9-47B0-88FB-A066CB37C6B2}
		{AFE66221-10AB-49C6-A78A-76471C2124D7} = {C16E00AA-9BF9-47B0-88FB-A066CB37C6B2}
	EndGlobalSection
	GlobalSection(ExtensibilityGlobals) = postSolution
		SolutionGuid = {6C1F5EA1-0A46-4B25-8AD9-D4A01204D73B}
	EndGlobalSection
EndGlobal
